PODS:
  - Alamofire (4.2.0)
  - Charts (3.0.1):
    - Charts/Core (= 3.0.1)
  - Charts/Core (3.0.1)
  - SwiftSocket (2.0)

DEPENDENCIES:
  - Alamofire (~> 4.0)
  - Charts
  - SwiftSocket

SPEC CHECKSUMS:
  Alamofire: aa2e09d871c9160ac53c90e83c68064a94e3dfbe
  Charts: 0e84f4418e87dad6a9edde221fba37ebb51d3ba7
  SwiftSocket: 279de0cc1629ccbf37a475f5d96be30024394d8d

PODFILE CHECKSUM: 1b7be7f7dff43164b410ade735768725020fd370

COCOAPODS: 1.1.0.rc.2
