PODS:
  - Alamofire (4.2.0)
  - Charts (3.0.1):
    - Charts/Core (= 3.0.1)
  - Charts/Core (3.0.1)

DEPENDENCIES:
  - Alamofire (~> 4.0)
  - Charts

SPEC CHECKSUMS:
  Alamofire: aa2e09d871c9160ac53c90e83c68064a94e3dfbe
  Charts: 0e84f4418e87dad6a9edde221fba37ebb51d3ba7

PODFILE CHECKSUM: 744ad69c55d75a4a6861e6a6fcdc328154d34a51

COCOAPODS: 1.2.0.beta.1
